schema: '2.0'
stages:
  reach:
    cmd: Rscript src/5_integrate_reach.R
    deps:
    - path: src/5_integrate_reach.R
      md5: 2dc59fabfc4d79526875ba2cc1d1fa35
      size: 1953
    outs:
    - path: staging/reach
      md5: a88aef39c769c1cf60d0e56c68bc3220.dir
      size: 1452550
      nfiles: 3
  toxcast:
    cmd: Rscript src/4_integrate_toxcast.R
    deps:
    - path: src/4_integrate_toxcast.R
      md5: c0be8261798d09bb7b71c8dbfe7d92b0
      size: 1944
    outs:
    - path: staging/toxcast
      md5: 33a6afa4585a27964c258f71b17e9334.dir
      size: 20391225
      nfiles: 3
  chembl:
    cmd: Rscript src/2_integrate_chembl.R
    deps:
    - path: src/2_integrate_chembl.R
      md5: ccafd836cdf2fa7bc9e632518d8d4c08
      size: 2200
    outs:
    - path: staging/chembl
      md5: 4eaacae6e0ba3d39894bc5bf37d271b3.dir
      size: 160724773
      nfiles: 3
  toxvaldb:
    cmd: Rscript src/1_integrate_toxvaldb.R
    deps:
    - path: src/1_integrate_toxvaldb.R
      md5: 03e369ffb535f67183b66e84854d3b53
      size: 2670
    outs:
    - path: staging/toxvaldb
      md5: 9ea221a91127d8d72cd5d0a1de4ecae7.dir
      size: 4410989
      nfiles: 3
  ice:
    cmd: Rscript src/6_integrate_ice.R
    deps:
    - path: src/6_integrate_ice.R
      md5: 11098cc1f95c57498528c9c118cba157
      size: 3802
    outs:
    - path: staging/ice
      md5: 8c21e17621738fe2eb6617b5cba0afac.dir
      size: 12381960
      nfiles: 3
  tox21:
    cmd: Rscript src/3_integrate_tox21.R
    deps:
    - path: src/3_integrate_tox21.R
      md5: b146ca6850ff29a91d12d7ad9d9bd3dc
      size: 2978
    outs:
    - path: staging/tox21
      md5: d4e70087824b7cdf242c22abb421ba98.dir
      size: 4068983
      nfiles: 3
  harmonize:
    cmd: Rscript src/9_harmonization.R
    deps:
    - path: src/9_harmonization.R
      md5: 2b034405258258638a5c5cb71ae19d64
      size: 4114
    - path: staging
      md5: cb4c2c114512da695ef342e7c28cf220.dir
      size: 28708859292
      nfiles: 25
    outs:
    - path: brick/activities.parquet
      md5: 22cb9f2c8fbc2be7062f2a04967700e3.dir
      size: 35495750592
      nfiles: 125
    - path: brick/properties.parquet
      md5: e88bdceb54c61ec8b30daff67066e334.dir
      size: 48421291
      nfiles: 1
    - path: brick/substances.parquet
      md5: 5c06476a79b414e26b0e07f147b9bffa.dir
      size: 566409820
      nfiles: 3
  dependencies:
    cmd: bash src/0_dependencies.sh
  pubchem:
    cmd: Rscript src/8_integrate_pubchem.R
    deps:
    - path: src/8_integrate_pubchem.R
      md5: 7d2692194914968696f50284b1299f51
      size: 1840
    outs:
    - path: staging/pubchem
      md5: 1bf9fe0fe2d9d75968ccbead515ea8f8.dir
      size: 28421832685
      nfiles: 3
  ctdbase:
    cmd: Rscript src/7_integrate_ctdbase.R
    deps:
    - path: src/7_integrate_ctdbase.R
      md5: a43a0ce59441c34da997419e357cb4a2
      size: 3564
    outs:
    - path: staging/ctdbase
      md5: 8fef4c66af57f19f44961faa050d8009.dir
      size: 83596063
      nfiles: 3
