schema: '2.0'
stages:
  tox21:
    cmd: Rscript src/3_integrate_tox21.R
    deps:
    - path: src/3_integrate_tox21.R
      md5: 5807df4ad595d4afd01686108ceebc3a
      size: 1942
    outs:
    - path: brick/tox21
      md5: bbfe36a11a212a561afa1a78491d9e97.dir
      size: 59481178
      nfiles: 3
  chembl:
    cmd: Rscript src/2_integrate_chembl.R
    deps:
    - path: src/2_integrate_chembl.R
      md5: 11f1e45bfad8069d955b44276e5a7ac5
      size: 3051
    outs:
    - path: brick/chembl
      md5: 2ce461d3e06904e77ce09f618a882d0b.dir
      size: 913662455
      nfiles: 3
  toxvaldb:
    cmd: Rscript src/1_integrate_toxvaldb.R
    deps:
    - path: src/1_integrate_toxvaldb.R
      md5: 034795dbbeaaae1f00405d6d1a1ef726
      size: 2154
    outs:
    - path: brick/toxvaldb
      md5: 56ede93a1b24152a72ffef25786a0e4e.dir
      size: 49370677
      nfiles: 3
  harmonization:
    cmd: Rscript src/4_harmonization.R
    deps:
    - path: brick/chembl
      md5: 2ce461d3e06904e77ce09f618a882d0b.dir
      size: 913662455
      nfiles: 3
    - path: brick/tox21
      md5: bbfe36a11a212a561afa1a78491d9e97.dir
      size: 59481178
      nfiles: 3
    - path: brick/toxvaldb
      md5: 56ede93a1b24152a72ffef25786a0e4e.dir
      size: 49370677
      nfiles: 3
    outs:
    - path: brick/harmonized
      md5: f76fa3f308c263b7254eceab05559269.dir
      size: 561782937
      nfiles: 2
